Microsoft Visual Studio Solution File, Format Version 12.00
# Visual Studio Version 17
VisualStudioVersion = 17.5.2.0
MinimumVisualStudioVersion = 10.0.40219.1
Project("{FAE04EC0-301F-11D3-BF4B-00C04F79EFBC}") = "ShopFlower", "ShopFlower.csproj", "{A9831FFC-1268-1F15-4834-BF2CAD16838F}"
EndProject
Global
	GlobalSection(SolutionConfigurationPlatforms) = preSolution
		Debug|Any CPU = Debug|Any CPU
		Release|Any CPU = Release|Any CPU
	EndGlobalSection
	GlobalSection(ProjectConfigurationPlatforms) = postSolution
		{A9831FFC-1268-1F15-4834-BF2CAD16838F}.Debug|Any CPU.ActiveCfg = Debug|Any CPU
		{A9831FFC-1268-1F15-4834-BF2CAD16838F}.Debug|Any CPU.Build.0 = Debug|Any CPU
		{A9831FFC-1268-1F15-4834-BF2CAD16838F}.Release|Any CPU.ActiveCfg = Release|Any CPU
		{A9831FFC-1268-1F15-4834-BF2CAD16838F}.Release|Any CPU.Build.0 = Release|Any CPU
	EndGlobalSection
	GlobalSection(SolutionProperties) = preSolution
		HideSolutionNode = FALSE
	EndGlobalSection
	GlobalSection(ExtensibilityGlobals) = postSolution
		SolutionGuid = {4B74DC3A-99BC-4938-9415-73E10F141DCF}
	EndGlobalSection
EndGlobal
