
Microsoft Visual Studio Solution File, Format Version 12.00
# Visual Studio Version 17
VisualStudioVersion = 17.14.36616.10 d17.14
MinimumVisualStudioVersion = 10.0.40219.1
Project("{FAE04EC0-301F-11D3-BF4B-00C04F79EFBC}") = "ShopFlower", "ShopFlower\ShopFlower.csproj", "{31099BA6-9C9E-4664-AFCE-934552FB5CBD}"
EndProject
Global
	GlobalSection(SolutionConfigurationPlatforms) = preSolution
		Debug|Any CPU = Debug|Any CPU
		Release|Any CPU = Release|Any CPU
	EndGlobalSection
	GlobalSection(ProjectConfigurationPlatforms) = postSolution
		{31099BA6-9C9E-4664-AFCE-934552FB5CBD}.Debug|Any CPU.ActiveCfg = Debug|Any CPU
		{31099BA6-9C9E-4664-AFCE-934552FB5CBD}.Debug|Any CPU.Build.0 = Debug|Any CPU
		{31099BA6-9C9E-4664-AFCE-934552FB5CBD}.Release|Any CPU.ActiveCfg = Release|Any CPU
		{31099BA6-9C9E-4664-AFCE-934552FB5CBD}.Release|Any CPU.Build.0 = Release|Any CPU
	EndGlobalSection
	GlobalSection(SolutionProperties) = preSolution
		HideSolutionNode = FALSE
	EndGlobalSection
	GlobalSection(ExtensibilityGlobals) = postSolution
		SolutionGuid = {23601D16-AAF6-4D79-A508-927F45200830}
	EndGlobalSection
EndGlobal
